// !$*UTF8*$!
{
	archiveVersion = 1;
	classes = {
	};
	objectVersion = 55;
	objects = {

/* Begin PBXBuildFile section */
		A00A095528489C1600AC6919 /* AppDelegate.swift in Sources */ = {isa = PBXBuildFile; fileRef = A00A095428489C1600AC6919 /* AppDelegate.swift */; };
		A00A095728489C1600AC6919 /* SceneDelegate.swift in Sources */ = {isa = PBXBuildFile; fileRef = A00A095628489C1600AC6919 /* SceneDelegate.swift */; };
		A00A095C28489C1600AC6919 /* Main.storyboard in Resources */ = {isa = PBXBuildFile; fileRef = A00A095A28489C1600AC6919 /* Main.storyboard */; };
		A00A095E28489C1700AC6919 /* Assets.xcassets in Resources */ = {isa = PBXBuildFile; fileRef = A00A095D28489C1700AC6919 /* Assets.xcassets */; };
		A00A096128489C1700AC6919 /* LaunchScreen.storyboard in Resources */ = {isa = PBXBuildFile; fileRef = A00A095F28489C1700AC6919 /* LaunchScreen.storyboard */; };
		A00A09692848A2DA00AC6919 /* MenuViewController.swift in Sources */ = {isa = PBXBuildFile; fileRef = A00A09682848A2DA00AC6919 /* MenuViewController.swift */; };
		A00A096B2848A38600AC6919 /* SettingsViewController.swift in Sources */ = {isa = PBXBuildFile; fileRef = A00A096A2848A38600AC6919 /* SettingsViewController.swift */; };
		A00A096D2848A39C00AC6919 /* GameViewController.swift in Sources */ = {isa = PBXBuildFile; fileRef = A00A096C2848A39C00AC6919 /* GameViewController.swift */; };
		A00A096F2848A3B300AC6919 /* RecordsViewController.swift in Sources */ = {isa = PBXBuildFile; fileRef = A00A096E2848A3B300AC6919 /* RecordsViewController.swift */; };
		A00A09722848B63900AC6919 /* UIVeiw+extension.swift in Sources */ = {isa = PBXBuildFile; fileRef = A00A09712848B63900AC6919 /* UIVeiw+extension.swift */; };
		A00A09742848BAE800AC6919 /* UserDefaults+Extension.swift in Sources */ = {isa = PBXBuildFile; fileRef = A00A09732848BAE800AC6919 /* UserDefaults+Extension.swift */; };
		A00A09762848BB0800AC6919 /* User.swift in Sources */ = {isa = PBXBuildFile; fileRef = A00A09752848BB0800AC6919 /* User.swift */; };
		A00A09782848D17600AC6919 /* Shark.swift in Sources */ = {isa = PBXBuildFile; fileRef = A00A09772848D17600AC6919 /* Shark.swift */; };
		A00A097B2848D2E400AC6919 /* Ship.swift in Sources */ = {isa = PBXBuildFile; fileRef = A00A097A2848D2E400AC6919 /* Ship.swift */; };
		A00A09812848E22600AC6919 /* Submarine.swift in Sources */ = {isa = PBXBuildFile; fileRef = A00A09802848E22600AC6919 /* Submarine.swift */; };
		A0127705285A073D002051FE /* CustomViewCell.swift in Sources */ = {isa = PBXBuildFile; fileRef = A0127704285A073D002051FE /* CustomViewCell.swift */; };
		A08F1D622857AC4F00F49DCF /* Missle.swift in Sources */ = {isa = PBXBuildFile; fileRef = A08F1D612857AC4F00F49DCF /* Missle.swift */; };
		A0A68F4C28811F3E00B54E09 /* SuperMissle.swift in Sources */ = {isa = PBXBuildFile; fileRef = A0A68F4B28811F3E00B54E09 /* SuperMissle.swift */; };
		A0A68F4E2881215000B54E09 /* MysteryBox.swift in Sources */ = {isa = PBXBuildFile; fileRef = A0A68F4D2881215000B54E09 /* MysteryBox.swift */; };
/* End PBXBuildFile section */

/* Begin PBXFileReference section */
		A00A095128489C1600AC6919 /* SubmarineAdventure.app */ = {isa = PBXFileReference; explicitFileType = wrapper.application; includeInIndex = 0; path = SubmarineAdventure.app; sourceTree = BUILT_PRODUCTS_DIR; };
		A00A095428489C1600AC6919 /* AppDelegate.swift */ = {isa = PBXFileReference; lastKnownFileType = sourcecode.swift; path = AppDelegate.swift; sourceTree = "<group>"; };
		A00A095628489C1600AC6919 /* SceneDelegate.swift */ = {isa = PBXFileReference; lastKnownFileType = sourcecode.swift; path = SceneDelegate.swift; sourceTree = "<group>"; };
		A00A095B28489C1600AC6919 /* Base */ = {isa = PBXFileReference; lastKnownFileType = file.storyboard; name = Base; path = Base.lproj/Main.storyboard; sourceTree = "<group>"; };
		A00A095D28489C1700AC6919 /* Assets.xcassets */ = {isa = PBXFileReference; lastKnownFileType = folder.assetcatalog; path = Assets.xcassets; sourceTree = "<group>"; };
		A00A096028489C1700AC6919 /* Base */ = {isa = PBXFileReference; lastKnownFileType = file.storyboard; name = Base; path = Base.lproj/LaunchScreen.storyboard; sourceTree = "<group>"; };
		A00A096228489C1700AC6919 /* Info.plist */ = {isa = PBXFileReference; lastKnownFileType = text.plist.xml; path = Info.plist; sourceTree = "<group>"; };
		A00A09682848A2DA00AC6919 /* MenuViewController.swift */ = {isa = PBXFileReference; lastKnownFileType = sourcecode.swift; path = MenuViewController.swift; sourceTree = "<group>"; };
		A00A096A2848A38600AC6919 /* SettingsViewController.swift */ = {isa = PBXFileReference; lastKnownFileType = sourcecode.swift; path = SettingsViewController.swift; sourceTree = "<group>"; };
		A00A096C2848A39C00AC6919 /* GameViewController.swift */ = {isa = PBXFileReference; lastKnownFileType = sourcecode.swift; path = GameViewController.swift; sourceTree = "<group>"; };
		A00A096E2848A3B300AC6919 /* RecordsViewController.swift */ = {isa = PBXFileReference; lastKnownFileType = sourcecode.swift; path = RecordsViewController.swift; sourceTree = "<group>"; };
		A00A09712848B63900AC6919 /* UIVeiw+extension.swift */ = {isa = PBXFileReference; lastKnownFileType = sourcecode.swift; path = "UIVeiw+extension.swift"; sourceTree = "<group>"; };
		A00A09732848BAE800AC6919 /* UserDefaults+Extension.swift */ = {isa = PBXFileReference; lastKnownFileType = sourcecode.swift; path = "UserDefaults+Extension.swift"; sourceTree = "<group>"; };
		A00A09752848BB0800AC6919 /* User.swift */ = {isa = PBXFileReference; lastKnownFileType = sourcecode.swift; path = User.swift; sourceTree = "<group>"; };
		A00A09772848D17600AC6919 /* Shark.swift */ = {isa = PBXFileReference; lastKnownFileType = sourcecode.swift; path = Shark.swift; sourceTree = "<group>"; };
		A00A097A2848D2E400AC6919 /* Ship.swift */ = {isa = PBXFileReference; lastKnownFileType = sourcecode.swift; path = Ship.swift; sourceTree = "<group>"; };
		A00A09802848E22600AC6919 /* Submarine.swift */ = {isa = PBXFileReference; lastKnownFileType = sourcecode.swift; path = Submarine.swift; sourceTree = "<group>"; };
		A0127704285A073D002051FE /* CustomViewCell.swift */ = {isa = PBXFileReference; lastKnownFileType = sourcecode.swift; path = CustomViewCell.swift; sourceTree = "<group>"; };
		A08F1D612857AC4F00F49DCF /* Missle.swift */ = {isa = PBXFileReference; lastKnownFileType = sourcecode.swift; path = Missle.swift; sourceTree = "<group>"; };
		A0A68F4B28811F3E00B54E09 /* SuperMissle.swift */ = {isa = PBXFileReference; lastKnownFileType = sourcecode.swift; path = SuperMissle.swift; sourceTree = "<group>"; };
		A0A68F4D2881215000B54E09 /* MysteryBox.swift */ = {isa = PBXFileReference; lastKnownFileType = sourcecode.swift; path = MysteryBox.swift; sourceTree = "<group>"; };
/* End PBXFileReference section */

/* Begin PBXFrameworksBuildPhase section */
		A00A094E28489C1600AC6919 /* Frameworks */ = {
			isa = PBXFrameworksBuildPhase;
			buildActionMask = 2147483647;
			files = (
			);
			runOnlyForDeploymentPostprocessing = 0;
		};
/* End PBXFrameworksBuildPhase section */

/* Begin PBXGroup section */
		A00A094828489C1600AC6919 = {
			isa = PBXGroup;
			children = (
				A00A095328489C1600AC6919 /* SubmarineAdventure */,
				A00A095228489C1600AC6919 /* Products */,
			);
			sourceTree = "<group>";
		};
		A00A095228489C1600AC6919 /* Products */ = {
			isa = PBXGroup;
			children = (
				A00A095128489C1600AC6919 /* SubmarineAdventure.app */,
			);
			name = Products;
			sourceTree = "<group>";
		};
		A00A095328489C1600AC6919 /* SubmarineAdventure */ = {
			isa = PBXGroup;
			children = (
				A00A097E2848D3DA00AC6919 /* Extensions */,
				A00A097C2848D39E00AC6919 /* Model */,
				A00A097F2848D43C00AC6919 /* Storyboards */,
				A00A09702848A46B00AC6919 /* Controllers */,
				A00A095D28489C1700AC6919 /* Assets.xcassets */,
				A00A095628489C1600AC6919 /* SceneDelegate.swift */,
				A00A095428489C1600AC6919 /* AppDelegate.swift */,
				A00A096228489C1700AC6919 /* Info.plist */,
			);
			path = SubmarineAdventure;
			sourceTree = "<group>";
		};
		A00A09702848A46B00AC6919 /* Controllers */ = {
			isa = PBXGroup;
			children = (
				A00A09682848A2DA00AC6919 /* MenuViewController.swift */,
				A00A096A2848A38600AC6919 /* SettingsViewController.swift */,
				A00A096E2848A3B300AC6919 /* RecordsViewController.swift */,
				A0127704285A073D002051FE /* CustomViewCell.swift */,
				A00A096C2848A39C00AC6919 /* GameViewController.swift */,
			);
			path = Controllers;
			sourceTree = "<group>";
		};
		A00A097C2848D39E00AC6919 /* Model */ = {
			isa = PBXGroup;
			children = (
				A00A09772848D17600AC6919 /* Shark.swift */,
				A08F1D612857AC4F00F49DCF /* Missle.swift */,
				A0A68F4B28811F3E00B54E09 /* SuperMissle.swift */,
				A0A68F4D2881215000B54E09 /* MysteryBox.swift */,
				A00A09752848BB0800AC6919 /* User.swift */,
				A00A097A2848D2E400AC6919 /* Ship.swift */,
				A00A09802848E22600AC6919 /* Submarine.swift */,
			);
			path = Model;
			sourceTree = "<group>";
		};
		A00A097E2848D3DA00AC6919 /* Extensions */ = {
			isa = PBXGroup;
			children = (
				A00A09712848B63900AC6919 /* UIVeiw+extension.swift */,
				A00A09732848BAE800AC6919 /* UserDefaults+Extension.swift */,
			);
			path = Extensions;
			sourceTree = "<group>";
		};
		A00A097F2848D43C00AC6919 /* Storyboards */ = {
			isa = PBXGroup;
			children = (
				A00A095F28489C1700AC6919 /* LaunchScreen.storyboard */,
				A00A095A28489C1600AC6919 /* Main.storyboard */,
			);
			path = Storyboards;
			sourceTree = "<group>";
		};
/* End PBXGroup section */

/* Begin PBXNativeTarget section */
		A00A095028489C1600AC6919 /* SubmarineAdventure */ = {
			isa = PBXNativeTarget;
			buildConfigurationList = A00A096528489C1700AC6919 /* Build configuration list for PBXNativeTarget "SubmarineAdventure" */;
			buildPhases = (
				A00A094D28489C1600AC6919 /* Sources */,
				A00A094E28489C1600AC6919 /* Frameworks */,
				A00A094F28489C1600AC6919 /* Resources */,
			);
			buildRules = (
			);
			dependencies = (
			);
			name = SubmarineAdventure;
			productName = SubmarineAdventure;
			productReference = A00A095128489C1600AC6919 /* SubmarineAdventure.app */;
			productType = "com.apple.product-type.application";
		};
/* End PBXNativeTarget section */

/* Begin PBXProject section */
		A00A094928489C1600AC6919 /* Project object */ = {
			isa = PBXProject;
			attributes = {
				BuildIndependentTargetsInParallel = 1;
				LastSwiftUpdateCheck = 1320;
				LastUpgradeCheck = 1320;
				TargetAttributes = {
					A00A095028489C1600AC6919 = {
						CreatedOnToolsVersion = 13.2.1;
					};
				};
			};
			buildConfigurationList = A00A094C28489C1600AC6919 /* Build configuration list for PBXProject "SubmarineAdventure" */;
			compatibilityVersion = "Xcode 13.0";
			developmentRegion = en;
			hasScannedForEncodings = 0;
			knownRegions = (
				en,
				Base,
			);
			mainGroup = A00A094828489C1600AC6919;
			productRefGroup = A00A095228489C1600AC6919 /* Products */;
			projectDirPath = "";
			projectRoot = "";
			targets = (
				A00A095028489C1600AC6919 /* SubmarineAdventure */,
			);
		};
/* End PBXProject section */

/* Begin PBXResourcesBuildPhase section */
		A00A094F28489C1600AC6919 /* Resources */ = {
			isa = PBXResourcesBuildPhase;
			buildActionMask = 2147483647;
			files = (
				A00A096128489C1700AC6919 /* LaunchScreen.storyboard in Resources */,
				A00A095E28489C1700AC6919 /* Assets.xcassets in Resources */,
				A00A095C28489C1600AC6919 /* Main.storyboard in Resources */,
			);
			runOnlyForDeploymentPostprocessing = 0;
		};
/* End PBXResourcesBuildPhase section */

/* Begin PBXSourcesBuildPhase section */
		A00A094D28489C1600AC6919 /* Sources */ = {
			isa = PBXSourcesBuildPhase;
			buildActionMask = 2147483647;
			files = (
				A00A096D2848A39C00AC6919 /* GameViewController.swift in Sources */,
				A0A68F4E2881215000B54E09 /* MysteryBox.swift in Sources */,
				A00A09782848D17600AC6919 /* Shark.swift in Sources */,
				A00A09722848B63900AC6919 /* UIVeiw+extension.swift in Sources */,
				A0A68F4C28811F3E00B54E09 /* SuperMissle.swift in Sources */,
				A00A095528489C1600AC6919 /* AppDelegate.swift in Sources */,
				A00A09812848E22600AC6919 /* Submarine.swift in Sources */,
				A00A09692848A2DA00AC6919 /* MenuViewController.swift in Sources */,
				A00A095728489C1600AC6919 /* SceneDelegate.swift in Sources */,
				A00A097B2848D2E400AC6919 /* Ship.swift in Sources */,
				A00A09762848BB0800AC6919 /* User.swift in Sources */,
				A0127705285A073D002051FE /* CustomViewCell.swift in Sources */,
				A08F1D622857AC4F00F49DCF /* Missle.swift in Sources */,
				A00A096B2848A38600AC6919 /* SettingsViewController.swift in Sources */,
				A00A09742848BAE800AC6919 /* UserDefaults+Extension.swift in Sources */,
				A00A096F2848A3B300AC6919 /* RecordsViewController.swift in Sources */,
			);
			runOnlyForDeploymentPostprocessing = 0;
		};
/* End PBXSourcesBuildPhase section */

/* Begin PBXVariantGroup section */
		A00A095A28489C1600AC6919 /* Main.storyboard */ = {
			isa = PBXVariantGroup;
			children = (
				A00A095B28489C1600AC6919 /* Base */,
			);
			name = Main.storyboard;
			sourceTree = "<group>";
		};
		A00A095F28489C1700AC6919 /* LaunchScreen.storyboard */ = {
			isa = PBXVariantGroup;
			children = (
				A00A096028489C1700AC6919 /* Base */,
			);
			name = LaunchScreen.storyboard;
			sourceTree = "<group>";
		};
/* End PBXVariantGroup section */

/* Begin XCBuildConfiguration section */
		A00A096328489C1700AC6919 /* Debug */ = {
			isa = XCBuildConfiguration;
			buildSettings = {
				ALWAYS_SEARCH_USER_PATHS = NO;
				CLANG_ANALYZER_NONNULL = YES;
				CLANG_ANALYZER_NUMBER_OBJECT_CONVERSION = YES_AGGRESSIVE;
				CLANG_CXX_LANGUAGE_STANDARD = "gnu++17";
				CLANG_CXX_LIBRARY = "libc++";
				CLANG_ENABLE_MODULES = YES;
				CLANG_ENABLE_OBJC_ARC = YES;
				CLANG_ENABLE_OBJC_WEAK = YES;
				CLANG_WARN_BLOCK_CAPTURE_AUTORELEASING = YES;
				CLANG_WARN_BOOL_CONVERSION = YES;
				CLANG_WARN_COMMA = YES;
				CLANG_WARN_CONSTANT_CONVERSION = YES;
				CLANG_WARN_DEPRECATED_OBJC_IMPLEMENTATIONS = YES;
				CLANG_WARN_DIRECT_OBJC_ISA_USAGE = YES_ERROR;
				CLANG_WARN_DOCUMENTATION_COMMENTS = YES;
				CLANG_WARN_EMPTY_BODY = YES;
				CLANG_WARN_ENUM_CONVERSION = YES;
				CLANG_WARN_INFINITE_RECURSION = YES;
				CLANG_WARN_INT_CONVERSION = YES;
				CLANG_WARN_NON_LITERAL_NULL_CONVERSION = YES;
				CLANG_WARN_OBJC_IMPLICIT_RETAIN_SELF = YES;
				CLANG_WARN_OBJC_LITERAL_CONVERSION = YES;
				CLANG_WARN_OBJC_ROOT_CLASS = YES_ERROR;
				CLANG_WARN_QUOTED_INCLUDE_IN_FRAMEWORK_HEADER = YES;
				CLANG_WARN_RANGE_LOOP_ANALYSIS = YES;
				CLANG_WARN_STRICT_PROTOTYPES = YES;
				CLANG_WARN_SUSPICIOUS_MOVE = YES;
				CLANG_WARN_UNGUARDED_AVAILABILITY = YES_AGGRESSIVE;
				CLANG_WARN_UNREACHABLE_CODE = YES;
				CLANG_WARN__DUPLICATE_METHOD_MATCH = YES;
				COPY_PHASE_STRIP = NO;
				DEBUG_INFORMATION_FORMAT = dwarf;
				ENABLE_STRICT_OBJC_MSGSEND = YES;
				ENABLE_TESTABILITY = YES;
				GCC_C_LANGUAGE_STANDARD = gnu11;
				GCC_DYNAMIC_NO_PIC = NO;
				GCC_NO_COMMON_BLOCKS = YES;
				GCC_OPTIMIZATION_LEVEL = 0;
				GCC_PREPROCESSOR_DEFINITIONS = (
					"DEBUG=1",
					"$(inherited)",
				);
				GCC_WARN_64_TO_32_BIT_CONVERSION = YES;
				GCC_WARN_ABOUT_RETURN_TYPE = YES_ERROR;
				GCC_WARN_UNDECLARED_SELECTOR = YES;
				GCC_WARN_UNINITIALIZED_AUTOS = YES_AGGRESSIVE;
				GCC_WARN_UNUSED_FUNCTION = YES;
				GCC_WARN_UNUSED_VARIABLE = YES;
				IPHONEOS_DEPLOYMENT_TARGET = 15.2;
				MTL_ENABLE_DEBUG_INFO = INCLUDE_SOURCE;
				MTL_FAST_MATH = YES;
				ONLY_ACTIVE_ARCH = YES;
				SDKROOT = iphoneos;
				SWIFT_ACTIVE_COMPILATION_CONDITIONS = DEBUG;
				SWIFT_OPTIMIZATION_LEVEL = "-Onone";
			};
			name = Debug;
		};
		A00A096428489C1700AC6919 /* Release */ = {
			isa = XCBuildConfiguration;
			buildSettings = {
				ALWAYS_SEARCH_USER_PATHS = NO;
				CLANG_ANALYZER_NONNULL = YES;
				CLANG_ANALYZER_NUMBER_OBJECT_CONVERSION = YES_AGGRESSIVE;
				CLANG_CXX_LANGUAGE_STANDARD = "gnu++17";
				CLANG_CXX_LIBRARY = "libc++";
				CLANG_ENABLE_MODULES = YES;
				CLANG_ENABLE_OBJC_ARC = YES;
				CLANG_ENABLE_OBJC_WEAK = YES;
				CLANG_WARN_BLOCK_CAPTURE_AUTORELEASING = YES;
				CLANG_WARN_BOOL_CONVERSION = YES;
				CLANG_WARN_COMMA = YES;
				CLANG_WARN_CONSTANT_CONVERSION = YES;
				CLANG_WARN_DEPRECATED_OBJC_IMPLEMENTATIONS = YES;
				CLANG_WARN_DIRECT_OBJC_ISA_USAGE = YES_ERROR;
				CLANG_WARN_DOCUMENTATION_COMMENTS = YES;
				CLANG_WARN_EMPTY_BODY = YES;
				CLANG_WARN_ENUM_CONVERSION = YES;
				CLANG_WARN_INFINITE_RECURSION = YES;
				CLANG_WARN_INT_CONVERSION = YES;
				CLANG_WARN_NON_LITERAL_NULL_CONVERSION = YES;
				CLANG_WARN_OBJC_IMPLICIT_RETAIN_SELF = YES;
				CLANG_WARN_OBJC_LITERAL_CONVERSION = YES;
				CLANG_WARN_OBJC_ROOT_CLASS = YES_ERROR;
				CLANG_WARN_QUOTED_INCLUDE_IN_FRAMEWORK_HEADER = YES;
				CLANG_WARN_RANGE_LOOP_ANALYSIS = YES;
				CLANG_WARN_STRICT_PROTOTYPES = YES;
				CLANG_WARN_SUSPICIOUS_MOVE = YES;
				CLANG_WARN_UNGUARDED_AVAILABILITY = YES_AGGRESSIVE;
				CLANG_WARN_UNREACHABLE_CODE = YES;
				CLANG_WARN__DUPLICATE_METHOD_MATCH = YES;
				COPY_PHASE_STRIP = NO;
				DEBUG_INFORMATION_FORMAT = "dwarf-with-dsym";
				ENABLE_NS_ASSERTIONS = NO;
				ENABLE_STRICT_OBJC_MSGSEND = YES;
				GCC_C_LANGUAGE_STANDARD = gnu11;
				GCC_NO_COMMON_BLOCKS = YES;
				GCC_WARN_64_TO_32_BIT_CONVERSION = YES;
				GCC_WARN_ABOUT_RETURN_TYPE = YES_ERROR;
				GCC_WARN_UNDECLARED_SELECTOR = YES;
				GCC_WARN_UNINITIALIZED_AUTOS = YES_AGGRESSIVE;
				GCC_WARN_UNUSED_FUNCTION = YES;
				GCC_WARN_UNUSED_VARIABLE = YES;
				IPHONEOS_DEPLOYMENT_TARGET = 15.2;
				MTL_ENABLE_DEBUG_INFO = NO;
				MTL_FAST_MATH = YES;
				SDKROOT = iphoneos;
				SWIFT_COMPILATION_MODE = wholemodule;
				SWIFT_OPTIMIZATION_LEVEL = "-O";
				VALIDATE_PRODUCT = YES;
			};
			name = Release;
		};
		A00A096628489C1700AC6919 /* Debug */ = {
			isa = XCBuildConfiguration;
			buildSettings = {
				ASSETCATALOG_COMPILER_APPICON_NAME = AppIcon;
				ASSETCATALOG_COMPILER_GLOBAL_ACCENT_COLOR_NAME = AccentColor;
				CODE_SIGN_STYLE = Automatic;
				CURRENT_PROJECT_VERSION = 1;
				DEVELOPMENT_TEAM = F978FGBWMJ;
				GENERATE_INFOPLIST_FILE = YES;
				INFOPLIST_FILE = SubmarineAdventure/Info.plist;
				INFOPLIST_KEY_UIApplicationSupportsIndirectInputEvents = YES;
				INFOPLIST_KEY_UILaunchStoryboardName = LaunchScreen;
				INFOPLIST_KEY_UIMainStoryboardFile = Main;
				INFOPLIST_KEY_UISupportedInterfaceOrientations = "UIInterfaceOrientationLandscapeLeft UIInterfaceOrientationLandscapeRight";
				INFOPLIST_KEY_UISupportedInterfaceOrientations_iPad = "UIInterfaceOrientationPortrait UIInterfaceOrientationPortraitUpsideDown UIInterfaceOrientationLandscapeLeft UIInterfaceOrientationLandscapeRight";
				INFOPLIST_KEY_UISupportedInterfaceOrientations_iPhone = "UIInterfaceOrientationPortrait UIInterfaceOrientationLandscapeLeft UIInterfaceOrientationLandscapeRight";
				LD_RUNPATH_SEARCH_PATHS = (
					"$(inherited)",
					"@executable_path/Frameworks",
				);
				MARKETING_VERSION = 1.0;
				PRODUCT_BUNDLE_IDENTIFIER = com.SergeyPavlov.SubmarineAdventure;
				PRODUCT_NAME = "$(TARGET_NAME)";
				SWIFT_EMIT_LOC_STRINGS = YES;
				SWIFT_VERSION = 5.0;
				TARGETED_DEVICE_FAMILY = 1;
			};
			name = Debug;
		};
		A00A096728489C1700AC6919 /* Release */ = {
			isa = XCBuildConfiguration;
			buildSettings = {
				ASSETCATALOG_COMPILER_APPICON_NAME = AppIcon;
				ASSETCATALOG_COMPILER_GLOBAL_ACCENT_COLOR_NAME = AccentColor;
				CODE_SIGN_STYLE = Automatic;
				CURRENT_PROJECT_VERSION = 1;
				DEVELOPMENT_TEAM = F978FGBWMJ;
				GENERATE_INFOPLIST_FILE = YES;
				INFOPLIST_FILE = SubmarineAdventure/Info.plist;
				INFOPLIST_KEY_UIApplicationSupportsIndirectInputEvents = YES;
				INFOPLIST_KEY_UILaunchStoryboardName = LaunchScreen;
				INFOPLIST_KEY_UIMainStoryboardFile = Main;
				INFOPLIST_KEY_UISupportedInterfaceOrientations = "UIInterfaceOrientationLandscapeLeft UIInterfaceOrientationLandscapeRight";
				INFOPLIST_KEY_UISupportedInterfaceOrientations_iPad = "UIInterfaceOrientationPortrait UIInterfaceOrientationPortraitUpsideDown UIInterfaceOrientationLandscapeLeft UIInterfaceOrientationLandscapeRight";
				INFOPLIST_KEY_UISupportedInterfaceOrientations_iPhone = "UIInterfaceOrientationPortrait UIInterfaceOrientationLandscapeLeft UIInterfaceOrientationLandscapeRight";
				LD_RUNPATH_SEARCH_PATHS = (
					"$(inherited)",
					"@executable_path/Frameworks",
				);
				MARKETING_VERSION = 1.0;
				PRODUCT_BUNDLE_IDENTIFIER = com.SergeyPavlov.SubmarineAdventure;
				PRODUCT_NAME = "$(TARGET_NAME)";
				SWIFT_EMIT_LOC_STRINGS = YES;
				SWIFT_VERSION = 5.0;
				TARGETED_DEVICE_FAMILY = 1;
			};
			name = Release;
		};
/* End XCBuildConfiguration section */

/* Begin XCConfigurationList section */
		A00A094C28489C1600AC6919 /* Build configuration list for PBXProject "SubmarineAdventure" */ = {
			isa = XCConfigurationList;
			buildConfigurations = (
				A00A096328489C1700AC6919 /* Debug */,
				A00A096428489C1700AC6919 /* Release */,
			);
			defaultConfigurationIsVisible = 0;
			defaultConfigurationName = Release;
		};
		A00A096528489C1700AC6919 /* Build configuration list for PBXNativeTarget "SubmarineAdventure" */ = {
			isa = XCConfigurationList;
			buildConfigurations = (
				A00A096628489C1700AC6919 /* Debug */,
				A00A096728489C1700AC6919 /* Release */,
			);
			defaultConfigurationIsVisible = 0;
			defaultConfigurationName = Release;
		};
/* End XCConfigurationList section */
	};
	rootObject = A00A094928489C1600AC6919 /* Project object */;
}
